// !$*UTF8*$!
{
	archiveVersion = 1;
	classes = {
	};
	objectVersion = 51;
	objects = {

/* Begin PBXBuildFile section */
		D911CA2822B7CC050016836E /* LettersVC.swift in Sources */ = {isa = PBXBuildFile; fileRef = D911CA2722B7CC050016836E /* LettersVC.swift */; };
		D911CA2A22B7CC190016836E /* LettersVC.storyboard in Resources */ = {isa = PBXBuildFile; fileRef = D911CA2922B7CC190016836E /* LettersVC.storyboard */; };
		D911CA2C22B7CF4E0016836E /* LettersCell.swift in Sources */ = {isa = PBXBuildFile; fileRef = D911CA2B22B7CF4E0016836E /* LettersCell.swift */; };
		D94B507522999484004EB163 /* credentials-2.plist in Resources */ = {isa = PBXBuildFile; fileRef = D94B507422999484004EB163 /* credentials-2.plist */; };
		D94B507722999DE8004EB163 /* GoogleService-Info.plist in Resources */ = {isa = PBXBuildFile; fileRef = D94B507622999DE8004EB163 /* GoogleService-Info.plist */; };
		D94B507A229AEB0C004EB163 /* CountriesVC.storyboard in Resources */ = {isa = PBXBuildFile; fileRef = D94B5079229AEB0C004EB163 /* CountriesVC.storyboard */; };
		D94B507D229AEB3C004EB163 /* CountriesVC.swift in Sources */ = {isa = PBXBuildFile; fileRef = D94B507C229AEB3C004EB163 /* CountriesVC.swift */; };
		D94B507F229AEDA4004EB163 /* CountryCell.swift in Sources */ = {isa = PBXBuildFile; fileRef = D94B507E229AEDA4004EB163 /* CountryCell.swift */; };
		D94B5081229AF131004EB163 /* CountryModel.swift in Sources */ = {isa = PBXBuildFile; fileRef = D94B5080229AF131004EB163 /* CountryModel.swift */; };
		D94B5083229AF15F004EB163 /* DataModel.swift in Sources */ = {isa = PBXBuildFile; fileRef = D94B5082229AF15F004EB163 /* DataModel.swift */; };
		D94B5086229AF1FC004EB163 /* CountriesService.swift in Sources */ = {isa = PBXBuildFile; fileRef = D94B5085229AF1FC004EB163 /* CountriesService.swift */; };
		D9838C522296D3A4008E0E0A /* AppDelegate.swift in Sources */ = {isa = PBXBuildFile; fileRef = D9838C512296D3A4008E0E0A /* AppDelegate.swift */; };
		D9838C592296D3A5008E0E0A /* Assets.xcassets in Resources */ = {isa = PBXBuildFile; fileRef = D9838C582296D3A5008E0E0A /* Assets.xcassets */; };
		D9838C5C2296D3A5008E0E0A /* LaunchScreen.storyboard in Resources */ = {isa = PBXBuildFile; fileRef = D9838C5A2296D3A5008E0E0A /* LaunchScreen.storyboard */; };
		D9838C6C2296E2A8008E0E0A /* Colors.xcassets in Resources */ = {isa = PBXBuildFile; fileRef = D9838C6B2296E2A8008E0E0A /* Colors.xcassets */; };
		D9838C6F2296E3AB008E0E0A /* RegisterVC.storyboard in Resources */ = {isa = PBXBuildFile; fileRef = D9838C6E2296E3AB008E0E0A /* RegisterVC.storyboard */; };
		D9838C712296E47F008E0E0A /* UIViewExtension.swift in Sources */ = {isa = PBXBuildFile; fileRef = D9838C702296E47F008E0E0A /* UIViewExtension.swift */; };
		D9838C732296E4AB008E0E0A /* Theme.swift in Sources */ = {isa = PBXBuildFile; fileRef = D9838C722296E4AB008E0E0A /* Theme.swift */; };
		D9838C772296E7E8008E0E0A /* LogIn.storyboard in Resources */ = {isa = PBXBuildFile; fileRef = D9838C762296E7E8008E0E0A /* LogIn.storyboard */; };
		D9838C792296E815008E0E0A /* LogInVC.swift in Sources */ = {isa = PBXBuildFile; fileRef = D9838C782296E815008E0E0A /* LogInVC.swift */; };
		D9838C7B2296E835008E0E0A /* RegisterVC.swift in Sources */ = {isa = PBXBuildFile; fileRef = D9838C7A2296E835008E0E0A /* RegisterVC.swift */; };
		D9E83EEC2297908500302485 /* UITextFieldExtension.swift in Sources */ = {isa = PBXBuildFile; fileRef = D9E83EEB2297908500302485 /* UITextFieldExtension.swift */; };
		DF1CE9E9603B8AA560AAA50F /* Pods_Countries_List_App.framework in Frameworks */ = {isa = PBXBuildFile; fileRef = 7CA73D3B40CBBF1EC45A63BF /* Pods_Countries_List_App.framework */; };
/* End PBXBuildFile section */

/* Begin PBXFileReference section */
		3A4863DB549D530465BC273C /* Pods-Countries List App.debug.xcconfig */ = {isa = PBXFileReference; includeInIndex = 1; lastKnownFileType = text.xcconfig; name = "Pods-Countries List App.debug.xcconfig"; path = "Target Support Files/Pods-Countries List App/Pods-Countries List App.debug.xcconfig"; sourceTree = "<group>"; };
		7CA73D3B40CBBF1EC45A63BF /* Pods_Countries_List_App.framework */ = {isa = PBXFileReference; explicitFileType = wrapper.framework; includeInIndex = 0; path = Pods_Countries_List_App.framework; sourceTree = BUILT_PRODUCTS_DIR; };
		83B7F7A3FF688A8EAE58C80B /* Pods-Countries List App.release.xcconfig */ = {isa = PBXFileReference; includeInIndex = 1; lastKnownFileType = text.xcconfig; name = "Pods-Countries List App.release.xcconfig"; path = "Target Support Files/Pods-Countries List App/Pods-Countries List App.release.xcconfig"; sourceTree = "<group>"; };
		D911CA2722B7CC050016836E /* LettersVC.swift */ = {isa = PBXFileReference; lastKnownFileType = sourcecode.swift; path = LettersVC.swift; sourceTree = "<group>"; };
		D911CA2922B7CC190016836E /* LettersVC.storyboard */ = {isa = PBXFileReference; lastKnownFileType = file.storyboard; path = LettersVC.storyboard; sourceTree = "<group>"; };
		D911CA2B22B7CF4E0016836E /* LettersCell.swift */ = {isa = PBXFileReference; lastKnownFileType = sourcecode.swift; path = LettersCell.swift; sourceTree = "<group>"; };
		D94B507422999484004EB163 /* credentials-2.plist */ = {isa = PBXFileReference; fileEncoding = 4; lastKnownFileType = text.plist.xml; path = "credentials-2.plist"; sourceTree = "<group>"; };
		D94B507622999DE8004EB163 /* GoogleService-Info.plist */ = {isa = PBXFileReference; fileEncoding = 4; lastKnownFileType = text.plist.xml; path = "GoogleService-Info.plist"; sourceTree = "<group>"; };
		D94B5079229AEB0C004EB163 /* CountriesVC.storyboard */ = {isa = PBXFileReference; lastKnownFileType = file.storyboard; path = CountriesVC.storyboard; sourceTree = "<group>"; };
		D94B507C229AEB3C004EB163 /* CountriesVC.swift */ = {isa = PBXFileReference; lastKnownFileType = sourcecode.swift; path = CountriesVC.swift; sourceTree = "<group>"; };
		D94B507E229AEDA4004EB163 /* CountryCell.swift */ = {isa = PBXFileReference; lastKnownFileType = sourcecode.swift; path = CountryCell.swift; sourceTree = "<group>"; };
		D94B5080229AF131004EB163 /* CountryModel.swift */ = {isa = PBXFileReference; lastKnownFileType = sourcecode.swift; path = CountryModel.swift; sourceTree = "<group>"; };
		D94B5082229AF15F004EB163 /* DataModel.swift */ = {isa = PBXFileReference; lastKnownFileType = sourcecode.swift; path = DataModel.swift; sourceTree = "<group>"; };
		D94B5085229AF1FC004EB163 /* CountriesService.swift */ = {isa = PBXFileReference; lastKnownFileType = sourcecode.swift; path = CountriesService.swift; sourceTree = "<group>"; };
		D9838C4E2296D3A4008E0E0A /* Countries List App.app */ = {isa = PBXFileReference; explicitFileType = wrapper.application; includeInIndex = 0; path = "Countries List App.app"; sourceTree = BUILT_PRODUCTS_DIR; };
		D9838C512296D3A4008E0E0A /* AppDelegate.swift */ = {isa = PBXFileReference; lastKnownFileType = sourcecode.swift; path = AppDelegate.swift; sourceTree = "<group>"; };
		D9838C582296D3A5008E0E0A /* Assets.xcassets */ = {isa = PBXFileReference; lastKnownFileType = folder.assetcatalog; path = Assets.xcassets; sourceTree = "<group>"; };
		D9838C5B2296D3A5008E0E0A /* Base */ = {isa = PBXFileReference; lastKnownFileType = file.storyboard; name = Base; path = Base.lproj/LaunchScreen.storyboard; sourceTree = "<group>"; };
		D9838C5D2296D3A5008E0E0A /* Info.plist */ = {isa = PBXFileReference; lastKnownFileType = text.plist.xml; name = Info.plist; path = "/Users/karimmetawea/Desktop/Countries List App/Countries List App/Info.plist"; sourceTree = "<absolute>"; };
		D9838C6B2296E2A8008E0E0A /* Colors.xcassets */ = {isa = PBXFileReference; lastKnownFileType = folder.assetcatalog; name = Colors.xcassets; path = "/Users/karimmetawea/Desktop/Countries List App/Countries List App/Resources/Theme/Colors.xcassets"; sourceTree = "<absolute>"; };
		D9838C6E2296E3AB008E0E0A /* RegisterVC.storyboard */ = {isa = PBXFileReference; lastKnownFileType = file.storyboard; path = RegisterVC.storyboard; sourceTree = "<group>"; };
		D9838C702296E47F008E0E0A /* UIViewExtension.swift */ = {isa = PBXFileReference; fileEncoding = 4; lastKnownFileType = sourcecode.swift; path = UIViewExtension.swift; sourceTree = "<group>"; };
		D9838C722296E4AB008E0E0A /* Theme.swift */ = {isa = PBXFileReference; fileEncoding = 4; lastKnownFileType = sourcecode.swift; path = Theme.swift; sourceTree = "<group>"; };
		D9838C762296E7E8008E0E0A /* LogIn.storyboard */ = {isa = PBXFileReference; lastKnownFileType = file.storyboard; path = LogIn.storyboard; sourceTree = "<group>"; };
		D9838C782296E815008E0E0A /* LogInVC.swift */ = {isa = PBXFileReference; lastKnownFileType = sourcecode.swift; path = LogInVC.swift; sourceTree = "<group>"; };
		D9838C7A2296E835008E0E0A /* RegisterVC.swift */ = {isa = PBXFileReference; lastKnownFileType = sourcecode.swift; path = RegisterVC.swift; sourceTree = "<group>"; };
		D9E83EEB2297908500302485 /* UITextFieldExtension.swift */ = {isa = PBXFileReference; lastKnownFileType = sourcecode.swift; path = UITextFieldExtension.swift; sourceTree = "<group>"; };
/* End PBXFileReference section */

/* Begin PBXFrameworksBuildPhase section */
		D9838C4B2296D3A4008E0E0A /* Frameworks */ = {
			isa = PBXFrameworksBuildPhase;
			buildActionMask = 2147483647;
			files = (
				DF1CE9E9603B8AA560AAA50F /* Pods_Countries_List_App.framework in Frameworks */,
			);
			runOnlyForDeploymentPostprocessing = 0;
		};
/* End PBXFrameworksBuildPhase section */

/* Begin PBXGroup section */
		112CE0A28D0C474A9B4C517C /* Pods */ = {
			isa = PBXGroup;
			children = (
				3A4863DB549D530465BC273C /* Pods-Countries List App.debug.xcconfig */,
				83B7F7A3FF688A8EAE58C80B /* Pods-Countries List App.release.xcconfig */,
			);
			path = Pods;
			sourceTree = "<group>";
		};
		63040AA73EA28CBFEFD094DC /* Frameworks */ = {
			isa = PBXGroup;
			children = (
				7CA73D3B40CBBF1EC45A63BF /* Pods_Countries_List_App.framework */,
			);
			name = Frameworks;
			sourceTree = "<group>";
		};
		D911CA2622B7CB940016836E /* LettersScene */ = {
			isa = PBXGroup;
			children = (
				D911CA2722B7CC050016836E /* LettersVC.swift */,
				D911CA2922B7CC190016836E /* LettersVC.storyboard */,
				D911CA2B22B7CF4E0016836E /* LettersCell.swift */,
			);
			path = LettersScene;
			sourceTree = "<group>";
		};
		D94B5078229AEA6F004EB163 /* CountriesScreen */ = {
			isa = PBXGroup;
			children = (
				D94B5079229AEB0C004EB163 /* CountriesVC.storyboard */,
				D94B507C229AEB3C004EB163 /* CountriesVC.swift */,
				D94B507E229AEDA4004EB163 /* CountryCell.swift */,
			);
			path = CountriesScreen;
			sourceTree = "<group>";
		};
		D94B5084229AF1A3004EB163 /* Networking */ = {
			isa = PBXGroup;
			children = (
				D94B5085229AF1FC004EB163 /* CountriesService.swift */,
			);
			path = Networking;
			sourceTree = "<group>";
		};
		D9838C452296D3A4008E0E0A = {
			isa = PBXGroup;
			children = (
				D9838C502296D3A4008E0E0A /* Countries List App */,
				D9838C4F2296D3A4008E0E0A /* Products */,
				112CE0A28D0C474A9B4C517C /* Pods */,
				63040AA73EA28CBFEFD094DC /* Frameworks */,
			);
			sourceTree = "<group>";
		};
		D9838C4F2296D3A4008E0E0A /* Products */ = {
			isa = PBXGroup;
			children = (
				D9838C4E2296D3A4008E0E0A /* Countries List App.app */,
			);
			name = Products;
			sourceTree = "<group>";
		};
		D9838C502296D3A4008E0E0A /* Countries List App */ = {
			isa = PBXGroup;
			children = (
				D94B5084229AF1A3004EB163 /* Networking */,
				D9838C692296D4DB008E0E0A /* Extensions */,
				D9838C682296D4D3008E0E0A /* Model */,
				D9838C662296D4AC008E0E0A /* Scenes */,
				D9838C652296D490008E0E0A /* Resources */,
				D9838C642296D483008E0E0A /* Core */,
				D9838C632296D3E4008E0E0A /* Configuration */,
			);
			path = "Countries List App";
			sourceTree = "<group>";
		};
		D9838C632296D3E4008E0E0A /* Configuration */ = {
			isa = PBXGroup;
			children = (
				D9838C5D2296D3A5008E0E0A /* Info.plist */,
				D94B507422999484004EB163 /* credentials-2.plist */,
				D94B507622999DE8004EB163 /* GoogleService-Info.plist */,
			);
			path = Configuration;
			sourceTree = "<group>";
		};
		D9838C642296D483008E0E0A /* Core */ = {
			isa = PBXGroup;
			children = (
				D9838C512296D3A4008E0E0A /* AppDelegate.swift */,
			);
			path = Core;
			sourceTree = "<group>";
		};
		D9838C652296D490008E0E0A /* Resources */ = {
			isa = PBXGroup;
			children = (
				D9838C7C2296EEC3008E0E0A /* Theme */,
				D9838C582296D3A5008E0E0A /* Assets.xcassets */,
				D9838C5A2296D3A5008E0E0A /* LaunchScreen.storyboard */,
			);
			path = Resources;
			sourceTree = "<group>";
		};
		D9838C662296D4AC008E0E0A /* Scenes */ = {
			isa = PBXGroup;
			children = (
				D911CA2622B7CB940016836E /* LettersScene */,
				D94B5078229AEA6F004EB163 /* CountriesScreen */,
				D9838C6A2296D7DA008E0E0A /* Auth */,
			);
			path = Scenes;
			sourceTree = "<group>";
		};
		D9838C682296D4D3008E0E0A /* Model */ = {
			isa = PBXGroup;
			children = (
				D94B5080229AF131004EB163 /* CountryModel.swift */,
				D94B5082229AF15F004EB163 /* DataModel.swift */,
			);
			path = Model;
			sourceTree = "<group>";
		};
		D9838C692296D4DB008E0E0A /* Extensions */ = {
			isa = PBXGroup;
			children = (
				D9838C702296E47F008E0E0A /* UIViewExtension.swift */,
				D9E83EEB2297908500302485 /* UITextFieldExtension.swift */,
			);
			path = Extensions;
			sourceTree = "<group>";
		};
		D9838C6A2296D7DA008E0E0A /* Auth */ = {
			isa = PBXGroup;
			children = (
				D9838C742296E7C2008E0E0A /* LogIn */,
				D9838C6D2296E387008E0E0A /* Register */,
			);
			path = Auth;
			sourceTree = "<group>";
		};
		D9838C6D2296E387008E0E0A /* Register */ = {
			isa = PBXGroup;
			children = (
				D9838C6E2296E3AB008E0E0A /* RegisterVC.storyboard */,
				D9838C7A2296E835008E0E0A /* RegisterVC.swift */,
			);
			path = Register;
			sourceTree = "<group>";
		};
		D9838C742296E7C2008E0E0A /* LogIn */ = {
			isa = PBXGroup;
			children = (
				D9838C762296E7E8008E0E0A /* LogIn.storyboard */,
				D9838C782296E815008E0E0A /* LogInVC.swift */,
			);
			path = LogIn;
			sourceTree = "<group>";
		};
		D9838C7C2296EEC3008E0E0A /* Theme */ = {
			isa = PBXGroup;
			children = (
				D9838C6B2296E2A8008E0E0A /* Colors.xcassets */,
				D9838C722296E4AB008E0E0A /* Theme.swift */,
			);
			path = Theme;
			sourceTree = "<group>";
		};
/* End PBXGroup section */

/* Begin PBXNativeTarget section */
		D9838C4D2296D3A4008E0E0A /* Countries List App */ = {
			isa = PBXNativeTarget;
			buildConfigurationList = D9838C602296D3A5008E0E0A /* Build configuration list for PBXNativeTarget "Countries List App" */;
			buildPhases = (
				1178E92EE9ECF67E10AE201C /* [CP] Check Pods Manifest.lock */,
				D9838C4A2296D3A4008E0E0A /* Sources */,
				D9838C4B2296D3A4008E0E0A /* Frameworks */,
				D9838C4C2296D3A4008E0E0A /* Resources */,
				3C73CFA9D8A4FADCC70491CD /* [CP] Embed Pods Frameworks */,
				9C25582710E4092695AFFC67 /* [CP] Copy Pods Resources */,
			);
			buildRules = (
			);
			dependencies = (
			);
			name = "Countries List App";
			productName = "Countries List App";
			productReference = D9838C4E2296D3A4008E0E0A /* Countries List App.app */;
			productType = "com.apple.product-type.application";
		};
/* End PBXNativeTarget section */

/* Begin PBXProject section */
		D9838C462296D3A4008E0E0A /* Project object */ = {
			isa = PBXProject;
			attributes = {
				LastSwiftUpdateCheck = 1010;
				LastUpgradeCheck = 1010;
				ORGANIZATIONNAME = KarimMetawea;
				TargetAttributes = {
					D9838C4D2296D3A4008E0E0A = {
						CreatedOnToolsVersion = 10.1;
					};
				};
			};
			buildConfigurationList = D9838C492296D3A4008E0E0A /* Build configuration list for PBXProject "Countries List App" */;
			compatibilityVersion = "Xcode 9.3";
			developmentRegion = en;
			hasScannedForEncodings = 0;
			knownRegions = (
				en,
				Base,
			);
			mainGroup = D9838C452296D3A4008E0E0A;
			productRefGroup = D9838C4F2296D3A4008E0E0A /* Products */;
			projectDirPath = "";
			projectRoot = "";
			targets = (
				D9838C4D2296D3A4008E0E0A /* Countries List App */,
			);
		};
/* End PBXProject section */

/* Begin PBXResourcesBuildPhase section */
		D9838C4C2296D3A4008E0E0A /* Resources */ = {
			isa = PBXResourcesBuildPhase;
			buildActionMask = 2147483647;
			files = (
				D911CA2A22B7CC190016836E /* LettersVC.storyboard in Resources */,
				D9838C6F2296E3AB008E0E0A /* RegisterVC.storyboard in Resources */,
				D9838C6C2296E2A8008E0E0A /* Colors.xcassets in Resources */,
				D94B507A229AEB0C004EB163 /* CountriesVC.storyboard in Resources */,
				D9838C5C2296D3A5008E0E0A /* LaunchScreen.storyboard in Resources */,
				D94B507722999DE8004EB163 /* GoogleService-Info.plist in Resources */,
				D9838C592296D3A5008E0E0A /* Assets.xcassets in Resources */,
				D9838C772296E7E8008E0E0A /* LogIn.storyboard in Resources */,
				D94B507522999484004EB163 /* credentials-2.plist in Resources */,
			);
			runOnlyForDeploymentPostprocessing = 0;
		};
/* End PBXResourcesBuildPhase section */

/* Begin PBXShellScriptBuildPhase section */
		1178E92EE9ECF67E10AE201C /* [CP] Check Pods Manifest.lock */ = {
			isa = PBXShellScriptBuildPhase;
			buildActionMask = 2147483647;
			files = (
			);
			inputFileListPaths = (
			);
			inputPaths = (
				"${PODS_PODFILE_DIR_PATH}/Podfile.lock",
				"${PODS_ROOT}/Manifest.lock",
			);
			name = "[CP] Check Pods Manifest.lock";
			outputFileListPaths = (
			);
			outputPaths = (
				"$(DERIVED_FILE_DIR)/Pods-Countries List App-checkManifestLockResult.txt",
			);
			runOnlyForDeploymentPostprocessing = 0;
			shellPath = /bin/sh;
			shellScript = "diff \"${PODS_PODFILE_DIR_PATH}/Podfile.lock\" \"${PODS_ROOT}/Manifest.lock\" > /dev/null\nif [ $? != 0 ] ; then\n    # print error to STDERR\n    echo \"error: The sandbox is not in sync with the Podfile.lock. Run 'pod install' or update your CocoaPods installation.\" >&2\n    exit 1\nfi\n# This output is used by Xcode 'outputs' to avoid re-running this script phase.\necho \"SUCCESS\" > \"${SCRIPT_OUTPUT_FILE_0}\"\n";
			showEnvVarsInLog = 0;
		};
		3C73CFA9D8A4FADCC70491CD /* [CP] Embed Pods Frameworks */ = {
			isa = PBXShellScriptBuildPhase;
			buildActionMask = 2147483647;
			files = (
			);
			inputFileListPaths = (
				"${PODS_ROOT}/Target Support Files/Pods-Countries List App/Pods-Countries List App-frameworks-${CONFIGURATION}-input-files.xcfilelist",
			);
			name = "[CP] Embed Pods Frameworks";
			outputFileListPaths = (
				"${PODS_ROOT}/Target Support Files/Pods-Countries List App/Pods-Countries List App-frameworks-${CONFIGURATION}-output-files.xcfilelist",
			);
			runOnlyForDeploymentPostprocessing = 0;
			shellPath = /bin/sh;
			shellScript = "\"${PODS_ROOT}/Target Support Files/Pods-Countries List App/Pods-Countries List App-frameworks.sh\"\n";
			showEnvVarsInLog = 0;
		};
		9C25582710E4092695AFFC67 /* [CP] Copy Pods Resources */ = {
			isa = PBXShellScriptBuildPhase;
			buildActionMask = 2147483647;
			files = (
			);
			inputFileListPaths = (
				"${PODS_ROOT}/Target Support Files/Pods-Countries List App/Pods-Countries List App-resources-${CONFIGURATION}-input-files.xcfilelist",
			);
			name = "[CP] Copy Pods Resources";
			outputFileListPaths = (
				"${PODS_ROOT}/Target Support Files/Pods-Countries List App/Pods-Countries List App-resources-${CONFIGURATION}-output-files.xcfilelist",
			);
			runOnlyForDeploymentPostprocessing = 0;
			shellPath = /bin/sh;
			shellScript = "\"${PODS_ROOT}/Target Support Files/Pods-Countries List App/Pods-Countries List App-resources.sh\"\n";
			showEnvVarsInLog = 0;
		};
/* End PBXShellScriptBuildPhase section */

/* Begin PBXSourcesBuildPhase section */
		D9838C4A2296D3A4008E0E0A /* Sources */ = {
			isa = PBXSourcesBuildPhase;
			buildActionMask = 2147483647;
			files = (
				D911CA2C22B7CF4E0016836E /* LettersCell.swift in Sources */,
				D94B507F229AEDA4004EB163 /* CountryCell.swift in Sources */,
				D9838C732296E4AB008E0E0A /* Theme.swift in Sources */,
				D94B5081229AF131004EB163 /* CountryModel.swift in Sources */,
				D9E83EEC2297908500302485 /* UITextFieldExtension.swift in Sources */,
				D94B5086229AF1FC004EB163 /* CountriesService.swift in Sources */,
				D9838C712296E47F008E0E0A /* UIViewExtension.swift in Sources */,
				D911CA2822B7CC050016836E /* LettersVC.swift in Sources */,
				D94B5083229AF15F004EB163 /* DataModel.swift in Sources */,
				D94B507D229AEB3C004EB163 /* CountriesVC.swift in Sources */,
				D9838C792296E815008E0E0A /* LogInVC.swift in Sources */,
				D9838C7B2296E835008E0E0A /* RegisterVC.swift in Sources */,
				D9838C522296D3A4008E0E0A /* AppDelegate.swift in Sources */,
			);
			runOnlyForDeploymentPostprocessing = 0;
		};
/* End PBXSourcesBuildPhase section */

/* Begin PBXVariantGroup section */
		D9838C5A2296D3A5008E0E0A /* LaunchScreen.storyboard */ = {
			isa = PBXVariantGroup;
			children = (
				D9838C5B2296D3A5008E0E0A /* Base */,
			);
			name = LaunchScreen.storyboard;
			sourceTree = "<group>";
		};
/* End PBXVariantGroup section */

/* Begin XCBuildConfiguration section */
		D9838C5E2296D3A5008E0E0A /* Debug */ = {
			isa = XCBuildConfiguration;
			buildSettings = {
				ALWAYS_SEARCH_USER_PATHS = NO;
				CLANG_ANALYZER_NONNULL = YES;
				CLANG_ANALYZER_NUMBER_OBJECT_CONVERSION = YES_AGGRESSIVE;
				CLANG_CXX_LANGUAGE_STANDARD = "gnu++14";
				CLANG_CXX_LIBRARY = "libc++";
				CLANG_ENABLE_MODULES = YES;
				CLANG_ENABLE_OBJC_ARC = YES;
				CLANG_ENABLE_OBJC_WEAK = YES;
				CLANG_WARN_BLOCK_CAPTURE_AUTORELEASING = YES;
				CLANG_WARN_BOOL_CONVERSION = YES;
				CLANG_WARN_COMMA = YES;
				CLANG_WARN_CONSTANT_CONVERSION = YES;
				CLANG_WARN_DEPRECATED_OBJC_IMPLEMENTATIONS = YES;
				CLANG_WARN_DIRECT_OBJC_ISA_USAGE = YES_ERROR;
				CLANG_WARN_DOCUMENTATION_COMMENTS = YES;
				CLANG_WARN_EMPTY_BODY = YES;
				CLANG_WARN_ENUM_CONVERSION = YES;
				CLANG_WARN_INFINITE_RECURSION = YES;
				CLANG_WARN_INT_CONVERSION = YES;
				CLANG_WARN_NON_LITERAL_NULL_CONVERSION = YES;
				CLANG_WARN_OBJC_IMPLICIT_RETAIN_SELF = YES;
				CLANG_WARN_OBJC_LITERAL_CONVERSION = YES;
				CLANG_WARN_OBJC_ROOT_CLASS = YES_ERROR;
				CLANG_WARN_RANGE_LOOP_ANALYSIS = YES;
				CLANG_WARN_STRICT_PROTOTYPES = YES;
				CLANG_WARN_SUSPICIOUS_MOVE = YES;
				CLANG_WARN_UNGUARDED_AVAILABILITY = YES_AGGRESSIVE;
				CLANG_WARN_UNREACHABLE_CODE = YES;
				CLANG_WARN__DUPLICATE_METHOD_MATCH = YES;
				CODE_SIGN_IDENTITY = "iPhone Developer";
				COPY_PHASE_STRIP = NO;
				DEBUG_INFORMATION_FORMAT = dwarf;
				ENABLE_STRICT_OBJC_MSGSEND = YES;
				ENABLE_TESTABILITY = YES;
				GCC_C_LANGUAGE_STANDARD = gnu11;
				GCC_DYNAMIC_NO_PIC = NO;
				GCC_NO_COMMON_BLOCKS = YES;
				GCC_OPTIMIZATION_LEVEL = 0;
				GCC_PREPROCESSOR_DEFINITIONS = (
					"DEBUG=1",
					"$(inherited)",
				);
				GCC_WARN_64_TO_32_BIT_CONVERSION = YES;
				GCC_WARN_ABOUT_RETURN_TYPE = YES_ERROR;
				GCC_WARN_UNDECLARED_SELECTOR = YES;
				GCC_WARN_UNINITIALIZED_AUTOS = YES_AGGRESSIVE;
				GCC_WARN_UNUSED_FUNCTION = YES;
				GCC_WARN_UNUSED_VARIABLE = YES;
				IPHONEOS_DEPLOYMENT_TARGET = 12.1;
				MTL_ENABLE_DEBUG_INFO = INCLUDE_SOURCE;
				MTL_FAST_MATH = YES;
				ONLY_ACTIVE_ARCH = YES;
				OTHER_LDFLAGS = "-ObjC";
				SDKROOT = iphoneos;
				SWIFT_ACTIVE_COMPILATION_CONDITIONS = DEBUG;
				SWIFT_OPTIMIZATION_LEVEL = "-Onone";
			};
			name = Debug;
		};
		D9838C5F2296D3A5008E0E0A /* Release */ = {
			isa = XCBuildConfiguration;
			buildSettings = {
				ALWAYS_SEARCH_USER_PATHS = NO;
				CLANG_ANALYZER_NONNULL = YES;
				CLANG_ANALYZER_NUMBER_OBJECT_CONVERSION = YES_AGGRESSIVE;
				CLANG_CXX_LANGUAGE_STANDARD = "gnu++14";
				CLANG_CXX_LIBRARY = "libc++";
				CLANG_ENABLE_MODULES = YES;
				CLANG_ENABLE_OBJC_ARC = YES;
				CLANG_ENABLE_OBJC_WEAK = YES;
				CLANG_WARN_BLOCK_CAPTURE_AUTORELEASING = YES;
				CLANG_WARN_BOOL_CONVERSION = YES;
				CLANG_WARN_COMMA = YES;
				CLANG_WARN_CONSTANT_CONVERSION = YES;
				CLANG_WARN_DEPRECATED_OBJC_IMPLEMENTATIONS = YES;
				CLANG_WARN_DIRECT_OBJC_ISA_USAGE = YES_ERROR;
				CLANG_WARN_DOCUMENTATION_COMMENTS = YES;
				CLANG_WARN_EMPTY_BODY = YES;
				CLANG_WARN_ENUM_CONVERSION = YES;
				CLANG_WARN_INFINITE_RECURSION = YES;
				CLANG_WARN_INT_CONVERSION = YES;
				CLANG_WARN_NON_LITERAL_NULL_CONVERSION = YES;
				CLANG_WARN_OBJC_IMPLICIT_RETAIN_SELF = YES;
				CLANG_WARN_OBJC_LITERAL_CONVERSION = YES;
				CLANG_WARN_OBJC_ROOT_CLASS = YES_ERROR;
				CLANG_WARN_RANGE_LOOP_ANALYSIS = YES;
				CLANG_WARN_STRICT_PROTOTYPES = YES;
				CLANG_WARN_SUSPICIOUS_MOVE = YES;
				CLANG_WARN_UNGUARDED_AVAILABILITY = YES_AGGRESSIVE;
				CLANG_WARN_UNREACHABLE_CODE = YES;
				CLANG_WARN__DUPLICATE_METHOD_MATCH = YES;
				CODE_SIGN_IDENTITY = "iPhone Developer";
				COPY_PHASE_STRIP = NO;
				DEBUG_INFORMATION_FORMAT = "dwarf-with-dsym";
				ENABLE_NS_ASSERTIONS = NO;
				ENABLE_STRICT_OBJC_MSGSEND = YES;
				GCC_C_LANGUAGE_STANDARD = gnu11;
				GCC_NO_COMMON_BLOCKS = YES;
				GCC_WARN_64_TO_32_BIT_CONVERSION = YES;
				GCC_WARN_ABOUT_RETURN_TYPE = YES_ERROR;
				GCC_WARN_UNDECLARED_SELECTOR = YES;
				GCC_WARN_UNINITIALIZED_AUTOS = YES_AGGRESSIVE;
				GCC_WARN_UNUSED_FUNCTION = YES;
				GCC_WARN_UNUSED_VARIABLE = YES;
				IPHONEOS_DEPLOYMENT_TARGET = 12.1;
				MTL_ENABLE_DEBUG_INFO = NO;
				MTL_FAST_MATH = YES;
				OTHER_LDFLAGS = "-ObjC";
				SDKROOT = iphoneos;
				SWIFT_COMPILATION_MODE = wholemodule;
				SWIFT_OPTIMIZATION_LEVEL = "-O";
				VALIDATE_PRODUCT = YES;
			};
			name = Release;
		};
		D9838C612296D3A5008E0E0A /* Debug */ = {
			isa = XCBuildConfiguration;
			baseConfigurationReference = 3A4863DB549D530465BC273C /* Pods-Countries List App.debug.xcconfig */;
			buildSettings = {
				ASSETCATALOG_COMPILER_APPICON_NAME = AppIcon;
				CODE_SIGN_STYLE = Automatic;
				INFOPLIST_FILE = "Countries List App/Info.plist";
				LD_RUNPATH_SEARCH_PATHS = (
					"$(inherited)",
					"@executable_path/Frameworks",
				);
				PRODUCT_BUNDLE_IDENTIFIER = "trainingApps.Countries-List-App";
				PRODUCT_NAME = "$(TARGET_NAME)";
				SWIFT_VERSION = 4.2;
				TARGETED_DEVICE_FAMILY = "1,2";
			};
			name = Debug;
		};
		D9838C622296D3A5008E0E0A /* Release */ = {
			isa = XCBuildConfiguration;
			baseConfigurationReference = 83B7F7A3FF688A8EAE58C80B /* Pods-Countries List App.release.xcconfig */;
			buildSettings = {
				ASSETCATALOG_COMPILER_APPICON_NAME = AppIcon;
				CODE_SIGN_STYLE = Automatic;
				INFOPLIST_FILE = "Countries List App/Info.plist";
				LD_RUNPATH_SEARCH_PATHS = (
					"$(inherited)",
					"@executable_path/Frameworks",
				);
				PRODUCT_BUNDLE_IDENTIFIER = "trainingApps.Countries-List-App";
				PRODUCT_NAME = "$(TARGET_NAME)";
				SWIFT_VERSION = 4.2;
				TARGETED_DEVICE_FAMILY = "1,2";
			};
			name = Release;
		};
/* End XCBuildConfiguration section */

/* Begin XCConfigurationList section */
		D9838C492296D3A4008E0E0A /* Build configuration list for PBXProject "Countries List App" */ = {
			isa = XCConfigurationList;
			buildConfigurations = (
				D9838C5E2296D3A5008E0E0A /* Debug */,
				D9838C5F2296D3A5008E0E0A /* Release */,
			);
			defaultConfigurationIsVisible = 0;
			defaultConfigurationName = Release;
		};
		D9838C602296D3A5008E0E0A /* Build configuration list for PBXNativeTarget "Countries List App" */ = {
			isa = XCConfigurationList;
			buildConfigurations = (
				D9838C612296D3A5008E0E0A /* Debug */,
				D9838C622296D3A5008E0E0A /* Release */,
			);
			defaultConfigurationIsVisible = 0;
			defaultConfigurationName = Release;
		};
/* End XCConfigurationList section */
	};
	rootObject = D9838C462296D3A4008E0E0A /* Project object */;
}
